langcode: en
status: true
dependencies:
  config:
    - views.view.team
  module:
    - system
    - views
  theme:
    - progressive_sub
id: views_block__team_block
theme: progressive_sub
region: content
weight: -13
provider: null
plugin: 'views_block:team-block'
settings:
  id: 'views_block:team-block'
  label: ''
  provider: views
  label_display: '0'
  views_label: ''
  items_per_page: none
visibility:
  request_path:
    id: request_path
    pages: /content/about-us
    negate: false
    context_mapping: {  }
