langcode: en
status: true
dependencies:
  config:
    - views.view.product_taxonomy
  module:
    - system
    - views
  theme:
    - progressive_sub
id: views_block__product_taxonomy_block
theme: progressive_sub
region: sidebar
weight: -17
provider: null
plugin: 'views_block:product_taxonomy-block'
settings:
  id: 'views_block:product_taxonomy-block'
  label: Manufacturers
  provider: views
  label_display: visible
  views_label: Manufacturers
  items_per_page: none
visibility:
  request_path:
    id: request_path
    pages: '/shop*'
    negate: false
    context_mapping: {  }
