uuid: ba024f6b-e0a4-4be8-9eef-98e082c4560c
langcode: es
status: true
dependencies:
  config:
    - views.view.taxonomy
  module:
    - system
    - views
  theme:
    - progressive_sub
_core:
  default_config_hash: Rwgh_ga15bm_4qaZCGKY-mMTfi1yrqGc7kBnA79NLno
id: views_block__taxonomy_block
theme: progressive_sub
region: sidebar
weight: -18
provider: null
plugin: 'views_block:taxonomy-block'
settings:
  id: 'views_block:taxonomy-block'
  label: ''
  provider: views
  label_display: visible
  views_label: ''
  items_per_page: none
visibility:
  request_path:
    id: request_path
    pages: "/blog\r\n/blog/*"
    negate: false
    context_mapping: {  }
